<Solution>
  <Folder Name="/Solution Items/">
    <File Path="compose.yaml" />
  </Folder>
  <Folder Name="/src/">
    <Project Path="src/ArticleService/ArticleService.csproj" />
    <Project Path="src/CommentService/CommentService.csproj" />
    <Project Path="src/DraftService/DraftService.csproj" />
    <Project Path="src/ProfanityService/ProfanityService.csproj" />
    <Project Path="src/ServiceDefaults/ServiceDefaults.csproj" />
  </Folder>
</Solution>
