<Solution>
  <Folder Name="/Solution Items/">
    <File Path="compose.yaml" />
  </Folder>
  <Folder Name="/src/">
    <Project Path="src/HappyHeadlines.CommentApi/HappyHeadlines.CommentApi.csproj" />
    <Project Path="src/HappyHeadlines.NewsletterApi/HappyHeadlines.NewsletterApi.csproj" />
    <Project Path="src/HappyHeadlines.ProfanityApi/HappyHeadlines.ProfanityApi.csproj" />
    <Project Path="src/HappyHeadlines.PublisherApi/HappyHeadlines.PublisherApi.csproj" />
    <Project Path="src/HappyHeadlines.Contracts/HappyHeadlines.Contracts.csproj" />
    <Project Path="src/HappyHeadlines.ServiceDefaults/HappyHeadlines.ServiceDefaults.csproj" />
    <Project Path="src/HappyHeadlines.ArticleApi/HappyHeadlines.ArticleApi.csproj" />
    <Project Path="src/HappyHeadlines.DraftApi/HappyHeadlines.DraftApi.csproj" />
  </Folder>
  <Folder Name="/tests/" />
  <Folder Name="/tests/HappyHeadlines.CommentApi.Tests/">
    <Project Path="tests/HappyHeadlines.CommentApi.Tests/HappyHeadlines.CommentApi.Tests.csproj" />
  </Folder>
</Solution>
